// !$*UTF8*$!
{
	archiveVersion = 1;
	classes = {
	};
	objectVersion = 56;
	objects = {

/* Begin PBXBuildFile section */
		A39217502C529D5B002D2A52 /* About_MeApp.swift in Sources */ = {isa = PBXBuildFile; fileRef = A392174F2C529D5B002D2A52 /* About_MeApp.swift */; };
		A39217522C529D5B002D2A52 /* ContentView.swift in Sources */ = {isa = PBXBuildFile; fileRef = A39217512C529D5B002D2A52 /* ContentView.swift */; };
		A39217542C529D5C002D2A52 /* Assets.xcassets in Resources */ = {isa = PBXBuildFile; fileRef = A39217532C529D5C002D2A52 /* Assets.xcassets */; };
		A39217572C529D5C002D2A52 /* Preview Assets.xcassets in Resources */ = {isa = PBXBuildFile; fileRef = A39217562C529D5C002D2A52 /* Preview Assets.xcassets */; };
		A39217612C529D5C002D2A52 /* About_MeTests.swift in Sources */ = {isa = PBXBuildFile; fileRef = A39217602C529D5C002D2A52 /* About_MeTests.swift */; };
		A392176B2C529D5C002D2A52 /* About_MeUITests.swift in Sources */ = {isa = PBXBuildFile; fileRef = A392176A2C529D5C002D2A52 /* About_MeUITests.swift */; };
		A392176D2C529D5C002D2A52 /* About_MeUITestsLaunchTests.swift in Sources */ = {isa = PBXBuildFile; fileRef = A392176C2C529D5C002D2A52 /* About_MeUITestsLaunchTests.swift */; };
/* End PBXBuildFile section */

/* Begin PBXContainerItemProxy section */
		A392175D2C529D5C002D2A52 /* PBXContainerItemProxy */ = {
			isa = PBXContainerItemProxy;
			containerPortal = A39217442C529D5B002D2A52 /* Project object */;
			proxyType = 1;
			remoteGlobalIDString = A392174B2C529D5B002D2A52;
			remoteInfo = "About Me";
		};
		A39217672C529D5C002D2A52 /* PBXContainerItemProxy */ = {
			isa = PBXContainerItemProxy;
			containerPortal = A39217442C529D5B002D2A52 /* Project object */;
			proxyType = 1;
			remoteGlobalIDString = A392174B2C529D5B002D2A52;
			remoteInfo = "About Me";
		};
/* End PBXContainerItemProxy section */

/* Begin PBXFileReference section */
		A392174C2C529D5B002D2A52 /* About Me.app */ = {isa = PBXFileReference; explicitFileType = wrapper.application; includeInIndex = 0; path = "About Me.app"; sourceTree = BUILT_PRODUCTS_DIR; };
		A392174F2C529D5B002D2A52 /* About_MeApp.swift */ = {isa = PBXFileReference; lastKnownFileType = sourcecode.swift; path = About_MeApp.swift; sourceTree = "<group>"; };
		A39217512C529D5B002D2A52 /* ContentView.swift */ = {isa = PBXFileReference; lastKnownFileType = sourcecode.swift; path = ContentView.swift; sourceTree = "<group>"; };
		A39217532C529D5C002D2A52 /* Assets.xcassets */ = {isa = PBXFileReference; lastKnownFileType = folder.assetcatalog; path = Assets.xcassets; sourceTree = "<group>"; };
		A39217562C529D5C002D2A52 /* Preview Assets.xcassets */ = {isa = PBXFileReference; lastKnownFileType = folder.assetcatalog; path = "Preview Assets.xcassets"; sourceTree = "<group>"; };
		A392175C2C529D5C002D2A52 /* About MeTests.xctest */ = {isa = PBXFileReference; explicitFileType = wrapper.cfbundle; includeInIndex = 0; path = "About MeTests.xctest"; sourceTree = BUILT_PRODUCTS_DIR; };
		A39217602C529D5C002D2A52 /* About_MeTests.swift */ = {isa = PBXFileReference; lastKnownFileType = sourcecode.swift; path = About_MeTests.swift; sourceTree = "<group>"; };
		A39217662C529D5C002D2A52 /* About MeUITests.xctest */ = {isa = PBXFileReference; explicitFileType = wrapper.cfbundle; includeInIndex = 0; path = "About MeUITests.xctest"; sourceTree = BUILT_PRODUCTS_DIR; };
		A392176A2C529D5C002D2A52 /* About_MeUITests.swift */ = {isa = PBXFileReference; lastKnownFileType = sourcecode.swift; path = About_MeUITests.swift; sourceTree = "<group>"; };
		A392176C2C529D5C002D2A52 /* About_MeUITestsLaunchTests.swift */ = {isa = PBXFileReference; lastKnownFileType = sourcecode.swift; path = About_MeUITestsLaunchTests.swift; sourceTree = "<group>"; };
/* End PBXFileReference section */

/* Begin PBXFrameworksBuildPhase section */
		A39217492C529D5B002D2A52 /* Frameworks */ = {
			isa = PBXFrameworksBuildPhase;
			buildActionMask = 2147483647;
			files = (
			);
			runOnlyForDeploymentPostprocessing = 0;
		};
		A39217592C529D5C002D2A52 /* Frameworks */ = {
			isa = PBXFrameworksBuildPhase;
			buildActionMask = 2147483647;
			files = (
			);
			runOnlyForDeploymentPostprocessing = 0;
		};
		A39217632C529D5C002D2A52 /* Frameworks */ = {
			isa = PBXFrameworksBuildPhase;
			buildActionMask = 2147483647;
			files = (
			);
			runOnlyForDeploymentPostprocessing = 0;
		};
/* End PBXFrameworksBuildPhase section */

/* Begin PBXGroup section */
		A39217432C529D5B002D2A52 = {
			isa = PBXGroup;
			children = (
				A392174E2C529D5B002D2A52 /* About Me */,
				A392175F2C529D5C002D2A52 /* About MeTests */,
				A39217692C529D5C002D2A52 /* About MeUITests */,
				A392174D2C529D5B002D2A52 /* Products */,
			);
			sourceTree = "<group>";
		};
		A392174D2C529D5B002D2A52 /* Products */ = {
			isa = PBXGroup;
			children = (
				A392174C2C529D5B002D2A52 /* About Me.app */,
				A392175C2C529D5C002D2A52 /* About MeTests.xctest */,
				A39217662C529D5C002D2A52 /* About MeUITests.xctest */,
			);
			name = Products;
			sourceTree = "<group>";
		};
		A392174E2C529D5B002D2A52 /* About Me */ = {
			isa = PBXGroup;
			children = (
				A392174F2C529D5B002D2A52 /* About_MeApp.swift */,
				A39217512C529D5B002D2A52 /* ContentView.swift */,
				A39217532C529D5C002D2A52 /* Assets.xcassets */,
				A39217552C529D5C002D2A52 /* Preview Content */,
			);
			path = "About Me";
			sourceTree = "<group>";
		};
		A39217552C529D5C002D2A52 /* Preview Content */ = {
			isa = PBXGroup;
			children = (
				A39217562C529D5C002D2A52 /* Preview Assets.xcassets */,
			);
			path = "Preview Content";
			sourceTree = "<group>";
		};
		A392175F2C529D5C002D2A52 /* About MeTests */ = {
			isa = PBXGroup;
			children = (
				A39217602C529D5C002D2A52 /* About_MeTests.swift */,
			);
			path = "About MeTests";
			sourceTree = "<group>";
		};
		A39217692C529D5C002D2A52 /* About MeUITests */ = {
			isa = PBXGroup;
			children = (
				A392176A2C529D5C002D2A52 /* About_MeUITests.swift */,
				A392176C2C529D5C002D2A52 /* About_MeUITestsLaunchTests.swift */,
			);
			path = "About MeUITests";
			sourceTree = "<group>";
		};
/* End PBXGroup section */

/* Begin PBXNativeTarget section */
		A392174B2C529D5B002D2A52 /* About Me */ = {
			isa = PBXNativeTarget;
			buildConfigurationList = A39217702C529D5C002D2A52 /* Build configuration list for PBXNativeTarget "About Me" */;
			buildPhases = (
				A39217482C529D5B002D2A52 /* Sources */,
				A39217492C529D5B002D2A52 /* Frameworks */,
				A392174A2C529D5B002D2A52 /* Resources */,
			);
			buildRules = (
			);
			dependencies = (
			);
			name = "About Me";
			productName = "About Me";
			productReference = A392174C2C529D5B002D2A52 /* About Me.app */;
			productType = "com.apple.product-type.application";
		};
		A392175B2C529D5C002D2A52 /* About MeTests */ = {
			isa = PBXNativeTarget;
			buildConfigurationList = A39217732C529D5C002D2A52 /* Build configuration list for PBXNativeTarget "About MeTests" */;
			buildPhases = (
				A39217582C529D5C002D2A52 /* Sources */,
				A39217592C529D5C002D2A52 /* Frameworks */,
				A392175A2C529D5C002D2A52 /* Resources */,
			);
			buildRules = (
			);
			dependencies = (
				A392175E2C529D5C002D2A52 /* PBXTargetDependency */,
			);
			name = "About MeTests";
			productName = "About MeTests";
			productReference = A392175C2C529D5C002D2A52 /* About MeTests.xctest */;
			productType = "com.apple.product-type.bundle.unit-test";
		};
		A39217652C529D5C002D2A52 /* About MeUITests */ = {
			isa = PBXNativeTarget;
			buildConfigurationList = A39217762C529D5C002D2A52 /* Build configuration list for PBXNativeTarget "About MeUITests" */;
			buildPhases = (
				A39217622C529D5C002D2A52 /* Sources */,
				A39217632C529D5C002D2A52 /* Frameworks */,
				A39217642C529D5C002D2A52 /* Resources */,
			);
			buildRules = (
			);
			dependencies = (
				A39217682C529D5C002D2A52 /* PBXTargetDependency */,
			);
			name = "About MeUITests";
			productName = "About MeUITests";
			productReference = A39217662C529D5C002D2A52 /* About MeUITests.xctest */;
			productType = "com.apple.product-type.bundle.ui-testing";
		};
/* End PBXNativeTarget section */

/* Begin PBXProject section */
		A39217442C529D5B002D2A52 /* Project object */ = {
			isa = PBXProject;
			attributes = {
				BuildIndependentTargetsInParallel = 1;
				LastSwiftUpdateCheck = 1540;
				LastUpgradeCheck = 1540;
				TargetAttributes = {
					A392174B2C529D5B002D2A52 = {
						CreatedOnToolsVersion = 15.4;
					};
					A392175B2C529D5C002D2A52 = {
						CreatedOnToolsVersion = 15.4;
						TestTargetID = A392174B2C529D5B002D2A52;
					};
					A39217652C529D5C002D2A52 = {
						CreatedOnToolsVersion = 15.4;
						TestTargetID = A392174B2C529D5B002D2A52;
					};
				};
			};
			buildConfigurationList = A39217472C529D5B002D2A52 /* Build configuration list for PBXProject "About Me" */;
			compatibilityVersion = "Xcode 14.0";
			developmentRegion = en;
			hasScannedForEncodings = 0;
			knownRegions = (
				en,
				Base,
			);
			mainGroup = A39217432C529D5B002D2A52;
			productRefGroup = A392174D2C529D5B002D2A52 /* Products */;
			projectDirPath = "";
			projectRoot = "";
			targets = (
				A392174B2C529D5B002D2A52 /* About Me */,
				A392175B2C529D5C002D2A52 /* About MeTests */,
				A39217652C529D5C002D2A52 /* About MeUITests */,
			);
		};
/* End PBXProject section */

/* Begin PBXResourcesBuildPhase section */
		A392174A2C529D5B002D2A52 /* Resources */ = {
			isa = PBXResourcesBuildPhase;
			buildActionMask = 2147483647;
			files = (
				A39217572C529D5C002D2A52 /* Preview Assets.xcassets in Resources */,
				A39217542C529D5C002D2A52 /* Assets.xcassets in Resources */,
			);
			runOnlyForDeploymentPostprocessing = 0;
		};
		A392175A2C529D5C002D2A52 /* Resources */ = {
			isa = PBXResourcesBuildPhase;
			buildActionMask = 2147483647;
			files = (
			);
			runOnlyForDeploymentPostprocessing = 0;
		};
		A39217642C529D5C002D2A52 /* Resources */ = {
			isa = PBXResourcesBuildPhase;
			buildActionMask = 2147483647;
			files = (
			);
			runOnlyForDeploymentPostprocessing = 0;
		};
/* End PBXResourcesBuildPhase section */

/* Begin PBXSourcesBuildPhase section */
		A39217482C529D5B002D2A52 /* Sources */ = {
			isa = PBXSourcesBuildPhase;
			buildActionMask = 2147483647;
			files = (
				A39217522C529D5B002D2A52 /* ContentView.swift in Sources */,
				A39217502C529D5B002D2A52 /* About_MeApp.swift in Sources */,
			);
			runOnlyForDeploymentPostprocessing = 0;
		};
		A39217582C529D5C002D2A52 /* Sources */ = {
			isa = PBXSourcesBuildPhase;
			buildActionMask = 2147483647;
			files = (
				A39217612C529D5C002D2A52 /* About_MeTests.swift in Sources */,
			);
			runOnlyForDeploymentPostprocessing = 0;
		};
		A39217622C529D5C002D2A52 /* Sources */ = {
			isa = PBXSourcesBuildPhase;
			buildActionMask = 2147483647;
			files = (
				A392176D2C529D5C002D2A52 /* About_MeUITestsLaunchTests.swift in Sources */,
				A392176B2C529D5C002D2A52 /* About_MeUITests.swift in Sources */,
			);
			runOnlyForDeploymentPostprocessing = 0;
		};
/* End PBXSourcesBuildPhase section */

/* Begin PBXTargetDependency section */
		A392175E2C529D5C002D2A52 /* PBXTargetDependency */ = {
			isa = PBXTargetDependency;
			target = A392174B2C529D5B002D2A52 /* About Me */;
			targetProxy = A392175D2C529D5C002D2A52 /* PBXContainerItemProxy */;
		};
		A39217682C529D5C002D2A52 /* PBXTargetDependency */ = {
			isa = PBXTargetDependency;
			target = A392174B2C529D5B002D2A52 /* About Me */;
			targetProxy = A39217672C529D5C002D2A52 /* PBXContainerItemProxy */;
		};
/* End PBXTargetDependency section */

/* Begin XCBuildConfiguration section */
		A392176E2C529D5C002D2A52 /* Debug */ = {
			isa = XCBuildConfiguration;
			buildSettings = {
				ALWAYS_SEARCH_USER_PATHS = NO;
				ASSETCATALOG_COMPILER_GENERATE_SWIFT_ASSET_SYMBOL_EXTENSIONS = YES;
				CLANG_ANALYZER_NONNULL = YES;
				CLANG_ANALYZER_NUMBER_OBJECT_CONVERSION = YES_AGGRESSIVE;
				CLANG_CXX_LANGUAGE_STANDARD = "gnu++20";
				CLANG_ENABLE_MODULES = YES;
				CLANG_ENABLE_OBJC_ARC = YES;
				CLANG_ENABLE_OBJC_WEAK = YES;
				CLANG_WARN_BLOCK_CAPTURE_AUTORELEASING = YES;
				CLANG_WARN_BOOL_CONVERSION = YES;
				CLANG_WARN_COMMA = YES;
				CLANG_WARN_CONSTANT_CONVERSION = YES;
				CLANG_WARN_DEPRECATED_OBJC_IMPLEMENTATIONS = YES;
				CLANG_WARN_DIRECT_OBJC_ISA_USAGE = YES_ERROR;
				CLANG_WARN_DOCUMENTATION_COMMENTS = YES;
				CLANG_WARN_EMPTY_BODY = YES;
				CLANG_WARN_ENUM_CONVERSION = YES;
				CLANG_WARN_INFINITE_RECURSION = YES;
				CLANG_WARN_INT_CONVERSION = YES;
				CLANG_WARN_NON_LITERAL_NULL_CONVERSION = YES;
				CLANG_WARN_OBJC_IMPLICIT_RETAIN_SELF = YES;
				CLANG_WARN_OBJC_LITERAL_CONVERSION = YES;
				CLANG_WARN_OBJC_ROOT_CLASS = YES_ERROR;
				CLANG_WARN_QUOTED_INCLUDE_IN_FRAMEWORK_HEADER = YES;
				CLANG_WARN_RANGE_LOOP_ANALYSIS = YES;
				CLANG_WARN_STRICT_PROTOTYPES = YES;
				CLANG_WARN_SUSPICIOUS_MOVE = YES;
				CLANG_WARN_UNGUARDED_AVAILABILITY = YES_AGGRESSIVE;
				CLANG_WARN_UNREACHABLE_CODE = YES;
				CLANG_WARN__DUPLICATE_METHOD_MATCH = YES;
				COPY_PHASE_STRIP = NO;
				DEBUG_INFORMATION_FORMAT = dwarf;
				ENABLE_STRICT_OBJC_MSGSEND = YES;
				ENABLE_TESTABILITY = YES;
				ENABLE_USER_SCRIPT_SANDBOXING = YES;
				GCC_C_LANGUAGE_STANDARD = gnu17;
				GCC_DYNAMIC_NO_PIC = NO;
				GCC_NO_COMMON_BLOCKS = YES;
				GCC_OPTIMIZATION_LEVEL = 0;
				GCC_PREPROCESSOR_DEFINITIONS = (
					"DEBUG=1",
					"$(inherited)",
				);
				GCC_WARN_64_TO_32_BIT_CONVERSION = YES;
				GCC_WARN_ABOUT_RETURN_TYPE = YES_ERROR;
				GCC_WARN_UNDECLARED_SELECTOR = YES;
				GCC_WARN_UNINITIALIZED_AUTOS = YES_AGGRESSIVE;
				GCC_WARN_UNUSED_FUNCTION = YES;
				GCC_WARN_UNUSED_VARIABLE = YES;
				IPHONEOS_DEPLOYMENT_TARGET = 17.5;
				LOCALIZATION_PREFERS_STRING_CATALOGS = YES;
				MTL_ENABLE_DEBUG_INFO = INCLUDE_SOURCE;
				MTL_FAST_MATH = YES;
				ONLY_ACTIVE_ARCH = YES;
				SDKROOT = iphoneos;
				SWIFT_ACTIVE_COMPILATION_CONDITIONS = "DEBUG $(inherited)";
				SWIFT_OPTIMIZATION_LEVEL = "-Onone";
			};
			name = Debug;
		};
		A392176F2C529D5C002D2A52 /* Release */ = {
			isa = XCBuildConfiguration;
			buildSettings = {
				ALWAYS_SEARCH_USER_PATHS = NO;
				ASSETCATALOG_COMPILER_GENERATE_SWIFT_ASSET_SYMBOL_EXTENSIONS = YES;
				CLANG_ANALYZER_NONNULL = YES;
				CLANG_ANALYZER_NUMBER_OBJECT_CONVERSION = YES_AGGRESSIVE;
				CLANG_CXX_LANGUAGE_STANDARD = "gnu++20";
				CLANG_ENABLE_MODULES = YES;
				CLANG_ENABLE_OBJC_ARC = YES;
				CLANG_ENABLE_OBJC_WEAK = YES;
				CLANG_WARN_BLOCK_CAPTURE_AUTORELEASING = YES;
				CLANG_WARN_BOOL_CONVERSION = YES;
				CLANG_WARN_COMMA = YES;
				CLANG_WARN_CONSTANT_CONVERSION = YES;
				CLANG_WARN_DEPRECATED_OBJC_IMPLEMENTATIONS = YES;
				CLANG_WARN_DIRECT_OBJC_ISA_USAGE = YES_ERROR;
				CLANG_WARN_DOCUMENTATION_COMMENTS = YES;
				CLANG_WARN_EMPTY_BODY = YES;
				CLANG_WARN_ENUM_CONVERSION = YES;
				CLANG_WARN_INFINITE_RECURSION = YES;
				CLANG_WARN_INT_CONVERSION = YES;
				CLANG_WARN_NON_LITERAL_NULL_CONVERSION = YES;
				CLANG_WARN_OBJC_IMPLICIT_RETAIN_SELF = YES;
				CLANG_WARN_OBJC_LITERAL_CONVERSION = YES;
				CLANG_WARN_OBJC_ROOT_CLASS = YES_ERROR;
				CLANG_WARN_QUOTED_INCLUDE_IN_FRAMEWORK_HEADER = YES;
				CLANG_WARN_RANGE_LOOP_ANALYSIS = YES;
				CLANG_WARN_STRICT_PROTOTYPES = YES;
				CLANG_WARN_SUSPICIOUS_MOVE = YES;
				CLANG_WARN_UNGUARDED_AVAILABILITY = YES_AGGRESSIVE;
				CLANG_WARN_UNREACHABLE_CODE = YES;
				CLANG_WARN__DUPLICATE_METHOD_MATCH = YES;
				COPY_PHASE_STRIP = NO;
				DEBUG_INFORMATION_FORMAT = "dwarf-with-dsym";
				ENABLE_NS_ASSERTIONS = NO;
				ENABLE_STRICT_OBJC_MSGSEND = YES;
				ENABLE_USER_SCRIPT_SANDBOXING = YES;
				GCC_C_LANGUAGE_STANDARD = gnu17;
				GCC_NO_COMMON_BLOCKS = YES;
				GCC_WARN_64_TO_32_BIT_CONVERSION = YES;
				GCC_WARN_ABOUT_RETURN_TYPE = YES_ERROR;
				GCC_WARN_UNDECLARED_SELECTOR = YES;
				GCC_WARN_UNINITIALIZED_AUTOS = YES_AGGRESSIVE;
				GCC_WARN_UNUSED_FUNCTION = YES;
				GCC_WARN_UNUSED_VARIABLE = YES;
				IPHONEOS_DEPLOYMENT_TARGET = 17.5;
				LOCALIZATION_PREFERS_STRING_CATALOGS = YES;
				MTL_ENABLE_DEBUG_INFO = NO;
				MTL_FAST_MATH = YES;
				SDKROOT = iphoneos;
				SWIFT_COMPILATION_MODE = wholemodule;
				VALIDATE_PRODUCT = YES;
			};
			name = Release;
		};
		A39217712C529D5C002D2A52 /* Debug */ = {
			isa = XCBuildConfiguration;
			buildSettings = {
				ASSETCATALOG_COMPILER_APPICON_NAME = AppIcon;
				ASSETCATALOG_COMPILER_GLOBAL_ACCENT_COLOR_NAME = AccentColor;
				CODE_SIGN_STYLE = Automatic;
				CURRENT_PROJECT_VERSION = 1;
				DEVELOPMENT_ASSET_PATHS = "\"About Me/Preview Content\"";
				DEVELOPMENT_TEAM = NP9U8U4U2G;
				ENABLE_PREVIEWS = YES;
				GENERATE_INFOPLIST_FILE = YES;
				INFOPLIST_KEY_UIApplicationSceneManifest_Generation = YES;
				INFOPLIST_KEY_UIApplicationSupportsIndirectInputEvents = YES;
				INFOPLIST_KEY_UILaunchScreen_Generation = YES;
				INFOPLIST_KEY_UISupportedInterfaceOrientations_iPad = "UIInterfaceOrientationPortrait UIInterfaceOrientationPortraitUpsideDown UIInterfaceOrientationLandscapeLeft UIInterfaceOrientationLandscapeRight";
				INFOPLIST_KEY_UISupportedInterfaceOrientations_iPhone = "UIInterfaceOrientationPortrait UIInterfaceOrientationLandscapeLeft UIInterfaceOrientationLandscapeRight";
				LD_RUNPATH_SEARCH_PATHS = (
					"$(inherited)",
					"@executable_path/Frameworks",
				);
				MARKETING_VERSION = 1.0;
				PRODUCT_BUNDLE_IDENTIFIER = "kwk.About-Me";
				PRODUCT_NAME = "$(TARGET_NAME)";
				SWIFT_EMIT_LOC_STRINGS = YES;
				SWIFT_VERSION = 5.0;
				TARGETED_DEVICE_FAMILY = "1,2";
			};
			name = Debug;
		};
		A39217722C529D5C002D2A52 /* Release */ = {
			isa = XCBuildConfiguration;
			buildSettings = {
				ASSETCATALOG_COMPILER_APPICON_NAME = AppIcon;
				ASSETCATALOG_COMPILER_GLOBAL_ACCENT_COLOR_NAME = AccentColor;
				CODE_SIGN_STYLE = Automatic;
				CURRENT_PROJECT_VERSION = 1;
				DEVELOPMENT_ASSET_PATHS = "\"About Me/Preview Content\"";
				DEVELOPMENT_TEAM = NP9U8U4U2G;
				ENABLE_PREVIEWS = YES;
				GENERATE_INFOPLIST_FILE = YES;
				INFOPLIST_KEY_UIApplicationSceneManifest_Generation = YES;
				INFOPLIST_KEY_UIApplicationSupportsIndirectInputEvents = YES;
				INFOPLIST_KEY_UILaunchScreen_Generation = YES;
				INFOPLIST_KEY_UISupportedInterfaceOrientations_iPad = "UIInterfaceOrientationPortrait UIInterfaceOrientationPortraitUpsideDown UIInterfaceOrientationLandscapeLeft UIInterfaceOrientationLandscapeRight";
				INFOPLIST_KEY_UISupportedInterfaceOrientations_iPhone = "UIInterfaceOrientationPortrait UIInterfaceOrientationLandscapeLeft UIInterfaceOrientationLandscapeRight";
				LD_RUNPATH_SEARCH_PATHS = (
					"$(inherited)",
					"@executable_path/Frameworks",
				);
				MARKETING_VERSION = 1.0;
				PRODUCT_BUNDLE_IDENTIFIER = "kwk.About-Me";
				PRODUCT_NAME = "$(TARGET_NAME)";
				SWIFT_EMIT_LOC_STRINGS = YES;
				SWIFT_VERSION = 5.0;
				TARGETED_DEVICE_FAMILY = "1,2";
			};
			name = Release;
		};
		A39217742C529D5C002D2A52 /* Debug */ = {
			isa = XCBuildConfiguration;
			buildSettings = {
				ALWAYS_EMBED_SWIFT_STANDARD_LIBRARIES = YES;
				BUNDLE_LOADER = "$(TEST_HOST)";
				CODE_SIGN_STYLE = Automatic;
				CURRENT_PROJECT_VERSION = 1;
				DEVELOPMENT_TEAM = NP9U8U4U2G;
				GENERATE_INFOPLIST_FILE = YES;
				IPHONEOS_DEPLOYMENT_TARGET = 17.5;
				MARKETING_VERSION = 1.0;
				PRODUCT_BUNDLE_IDENTIFIER = "kwk.About-MeTests";
				PRODUCT_NAME = "$(TARGET_NAME)";
				SWIFT_EMIT_LOC_STRINGS = NO;
				SWIFT_VERSION = 5.0;
				TARGETED_DEVICE_FAMILY = "1,2";
				TEST_HOST = "$(BUILT_PRODUCTS_DIR)/About Me.app/$(BUNDLE_EXECUTABLE_FOLDER_PATH)/About Me";
			};
			name = Debug;
		};
		A39217752C529D5C002D2A52 /* Release */ = {
			isa = XCBuildConfiguration;
			buildSettings = {
				ALWAYS_EMBED_SWIFT_STANDARD_LIBRARIES = YES;
				BUNDLE_LOADER = "$(TEST_HOST)";
				CODE_SIGN_STYLE = Automatic;
				CURRENT_PROJECT_VERSION = 1;
				DEVELOPMENT_TEAM = NP9U8U4U2G;
				GENERATE_INFOPLIST_FILE = YES;
				IPHONEOS_DEPLOYMENT_TARGET = 17.5;
				MARKETING_VERSION = 1.0;
				PRODUCT_BUNDLE_IDENTIFIER = "kwk.About-MeTests";
				PRODUCT_NAME = "$(TARGET_NAME)";
				SWIFT_EMIT_LOC_STRINGS = NO;
				SWIFT_VERSION = 5.0;
				TARGETED_DEVICE_FAMILY = "1,2";
				TEST_HOST = "$(BUILT_PRODUCTS_DIR)/About Me.app/$(BUNDLE_EXECUTABLE_FOLDER_PATH)/About Me";
			};
			name = Release;
		};
		A39217772C529D5C002D2A52 /* Debug */ = {
			isa = XCBuildConfiguration;
			buildSettings = {
				ALWAYS_EMBED_SWIFT_STANDARD_LIBRARIES = YES;
				CODE_SIGN_STYLE = Automatic;
				CURRENT_PROJECT_VERSION = 1;
				DEVELOPMENT_TEAM = NP9U8U4U2G;
				GENERATE_INFOPLIST_FILE = YES;
				MARKETING_VERSION = 1.0;
				PRODUCT_BUNDLE_IDENTIFIER = "kwk.About-MeUITests";
				PRODUCT_NAME = "$(TARGET_NAME)";
				SWIFT_EMIT_LOC_STRINGS = NO;
				SWIFT_VERSION = 5.0;
				TARGETED_DEVICE_FAMILY = "1,2";
				TEST_TARGET_NAME = "About Me";
			};
			name = Debug;
		};
		A39217782C529D5C002D2A52 /* Release */ = {
			isa = XCBuildConfiguration;
			buildSettings = {
				ALWAYS_EMBED_SWIFT_STANDARD_LIBRARIES = YES;
				CODE_SIGN_STYLE = Automatic;
				CURRENT_PROJECT_VERSION = 1;
				DEVELOPMENT_TEAM = NP9U8U4U2G;
				GENERATE_INFOPLIST_FILE = YES;
				MARKETING_VERSION = 1.0;
				PRODUCT_BUNDLE_IDENTIFIER = "kwk.About-MeUITests";
				PRODUCT_NAME = "$(TARGET_NAME)";
				SWIFT_EMIT_LOC_STRINGS = NO;
				SWIFT_VERSION = 5.0;
				TARGETED_DEVICE_FAMILY = "1,2";
				TEST_TARGET_NAME = "About Me";
			};
			name = Release;
		};
/* End XCBuildConfiguration section */

/* Begin XCConfigurationList section */
		A39217472C529D5B002D2A52 /* Build configuration list for PBXProject "About Me" */ = {
			isa = XCConfigurationList;
			buildConfigurations = (
				A392176E2C529D5C002D2A52 /* Debug */,
				A392176F2C529D5C002D2A52 /* Release */,
			);
			defaultConfigurationIsVisible = 0;
			defaultConfigurationName = Release;
		};
		A39217702C529D5C002D2A52 /* Build configuration list for PBXNativeTarget "About Me" */ = {
			isa = XCConfigurationList;
			buildConfigurations = (
				A39217712C529D5C002D2A52 /* Debug */,
				A39217722C529D5C002D2A52 /* Release */,
			);
			defaultConfigurationIsVisible = 0;
			defaultConfigurationName = Release;
		};
		A39217732C529D5C002D2A52 /* Build configuration list for PBXNativeTarget "About MeTests" */ = {
			isa = XCConfigurationList;
			buildConfigurations = (
				A39217742C529D5C002D2A52 /* Debug */,
				A39217752C529D5C002D2A52 /* Release */,
			);
			defaultConfigurationIsVisible = 0;
			defaultConfigurationName = Release;
		};
		A39217762C529D5C002D2A52 /* Build configuration list for PBXNativeTarget "About MeUITests" */ = {
			isa = XCConfigurationList;
			buildConfigurations = (
				A39217772C529D5C002D2A52 /* Debug */,
				A39217782C529D5C002D2A52 /* Release */,
			);
			defaultConfigurationIsVisible = 0;
			defaultConfigurationName = Release;
		};
/* End XCConfigurationList section */
	};
	rootObject = A39217442C529D5B002D2A52 /* Project object */;
}
